
Microsoft Visual Studio Solution File, Format Version 12.00
# Visual Studio Version 16
VisualStudioVersion = 16.0.32002.261
MinimumVisualStudioVersion = 10.0.40219.1
Project("{FAE04EC0-301F-11D3-BF4B-00C04F79EFBC}") = "MyFirstASPNETApp", "MyFirstASPNETApp\MyFirstASPNETApp.csproj", "{C4DF995B-1AA4-448B-80D7-EAEB22B1C0E1}"
EndProject
Global
	GlobalSection(SolutionConfigurationPlatforms) = preSolution
		Debug|Any CPU = Debug|Any CPU
		Release|Any CPU = Release|Any CPU
	EndGlobalSection
	GlobalSection(ProjectConfigurationPlatforms) = postSolution
		{C4DF995B-1AA4-448B-80D7-EAEB22B1C0E1}.Debug|Any CPU.ActiveCfg = Debug|Any CPU
		{C4DF995B-1AA4-448B-80D7-EAEB22B1C0E1}.Debug|Any CPU.Build.0 = Debug|Any CPU
		{C4DF995B-1AA4-448B-80D7-EAEB22B1C0E1}.Release|Any CPU.ActiveCfg = Release|Any CPU
		{C4DF995B-1AA4-448B-80D7-EAEB22B1C0E1}.Release|Any CPU.Build.0 = Release|Any CPU
	EndGlobalSection
	GlobalSection(SolutionProperties) = preSolution
		HideSolutionNode = FALSE
	EndGlobalSection
	GlobalSection(ExtensibilityGlobals) = postSolution
		SolutionGuid = {657B59F7-EA7C-49CC-BFB5-ED3D002CC787}
	EndGlobalSection
EndGlobal
